
Microsoft Visual Studio Solution File, Format Version 12.00
# Visual Studio Version 16
VisualStudioVersion = 16.0.29709.97
MinimumVisualStudioVersion = 10.0.40219.1
Project("{FAE04EC0-301F-11D3-BF4B-00C04F79EFBC}") = "ProgramTwo_SN", "ProgramTwo_SN.csproj", "{4A693651-E32D-4FA8-9AAD-4841F8720A48}"
EndProject
Global
	GlobalSection(SolutionConfigurationPlatforms) = preSolution
		Debug|Any CPU = Debug|Any CPU
		Release|Any CPU = Release|Any CPU
	EndGlobalSection
	GlobalSection(ProjectConfigurationPlatforms) = postSolution
		{4A693651-E32D-4FA8-9AAD-4841F8720A48}.Debug|Any CPU.ActiveCfg = Debug|Any CPU
		{4A693651-E32D-4FA8-9AAD-4841F8720A48}.Debug|Any CPU.Build.0 = Debug|Any CPU
		{4A693651-E32D-4FA8-9AAD-4841F8720A48}.Release|Any CPU.ActiveCfg = Release|Any CPU
		{4A693651-E32D-4FA8-9AAD-4841F8720A48}.Release|Any CPU.Build.0 = Release|Any CPU
	EndGlobalSection
	GlobalSection(SolutionProperties) = preSolution
		HideSolutionNode = FALSE
	EndGlobalSection
	GlobalSection(ExtensibilityGlobals) = postSolution
		SolutionGuid = {538AF05F-A6B8-4D1C-BF41-549B7AE31908}
	EndGlobalSection
EndGlobal
